// !$*UTF8*$!
{
	archiveVersion = 1;
	classes = {
	};
	objectVersion = 56;
	objects = {

/* Begin PBXBuildFile section */
		EF389FAB2A9521DC007695DA /* NetworkingManager.swift in Sources */ = {isa = PBXBuildFile; fileRef = EF389FAA2A9521DC007695DA /* NetworkingManager.swift */; };
		EFE7D9462A93E1A4000B2488 /* SwiftCryptoXApp.swift in Sources */ = {isa = PBXBuildFile; fileRef = EFE7D9452A93E1A4000B2488 /* SwiftCryptoXApp.swift */; };
		EFE7D9482A93E1A4000B2488 /* ContentView.swift in Sources */ = {isa = PBXBuildFile; fileRef = EFE7D9472A93E1A4000B2488 /* ContentView.swift */; };
		EFE7D94D2A93E1A5000B2488 /* Preview Assets.xcassets in Resources */ = {isa = PBXBuildFile; fileRef = EFE7D94C2A93E1A5000B2488 /* Preview Assets.xcassets */; };
		EFE7D9542A93E293000B2488 /* Assets.xcassets in Resources */ = {isa = PBXBuildFile; fileRef = EFE7D9532A93E293000B2488 /* Assets.xcassets */; };
		EFE7D95E2A93E760000B2488 /* HomeView.swift in Sources */ = {isa = PBXBuildFile; fileRef = EFE7D95D2A93E760000B2488 /* HomeView.swift */; };
		EFE7D9642A93E8BB000B2488 /* CircleButtonView.swift in Sources */ = {isa = PBXBuildFile; fileRef = EFE7D9632A93E8BB000B2488 /* CircleButtonView.swift */; };
		EFE7D9662A93EF77000B2488 /* CircleButtonAnimationView.swift in Sources */ = {isa = PBXBuildFile; fileRef = EFE7D9652A93EF77000B2488 /* CircleButtonAnimationView.swift */; };
		EFE7D96C2A93F9A7000B2488 /* CoinRowView.swift in Sources */ = {isa = PBXBuildFile; fileRef = EFE7D96B2A93F9A7000B2488 /* CoinRowView.swift */; };
		EFE7D9772A94F402000B2488 /* Color.swift in Sources */ = {isa = PBXBuildFile; fileRef = EFE7D9712A94F402000B2488 /* Color.swift */; };
		EFE7D9782A94F402000B2488 /* Date.swift in Sources */ = {isa = PBXBuildFile; fileRef = EFE7D9722A94F402000B2488 /* Date.swift */; };
		EFE7D9792A94F402000B2488 /* Double.swift in Sources */ = {isa = PBXBuildFile; fileRef = EFE7D9732A94F402000B2488 /* Double.swift */; };
		EFE7D97C2A94F402000B2488 /* PreviewProvider.swift in Sources */ = {isa = PBXBuildFile; fileRef = EFE7D9762A94F402000B2488 /* PreviewProvider.swift */; };
		EFE7D9852A94F41C000B2488 /* CoinModel.swift in Sources */ = {isa = PBXBuildFile; fileRef = EFE7D97F2A94F41C000B2488 /* CoinModel.swift */; };
		EFE7D9892A950658000B2488 /* HomeViewModel.swift in Sources */ = {isa = PBXBuildFile; fileRef = EFE7D9882A950658000B2488 /* HomeViewModel.swift */; };
		EFE7D98E2A950CAE000B2488 /* CoinDataService.swift in Sources */ = {isa = PBXBuildFile; fileRef = EFE7D98D2A950CAE000B2488 /* CoinDataService.swift */; };
/* End PBXBuildFile section */

/* Begin PBXFileReference section */
		EF389FAA2A9521DC007695DA /* NetworkingManager.swift */ = {isa = PBXFileReference; lastKnownFileType = sourcecode.swift; path = NetworkingManager.swift; sourceTree = "<group>"; };
		EFE7D9422A93E1A4000B2488 /* SwiftCryptoX.app */ = {isa = PBXFileReference; explicitFileType = wrapper.application; includeInIndex = 0; path = SwiftCryptoX.app; sourceTree = BUILT_PRODUCTS_DIR; };
		EFE7D9452A93E1A4000B2488 /* SwiftCryptoXApp.swift */ = {isa = PBXFileReference; lastKnownFileType = sourcecode.swift; path = SwiftCryptoXApp.swift; sourceTree = "<group>"; };
		EFE7D9472A93E1A4000B2488 /* ContentView.swift */ = {isa = PBXFileReference; lastKnownFileType = sourcecode.swift; path = ContentView.swift; sourceTree = "<group>"; };
		EFE7D94C2A93E1A5000B2488 /* Preview Assets.xcassets */ = {isa = PBXFileReference; lastKnownFileType = folder.assetcatalog; path = "Preview Assets.xcassets"; sourceTree = "<group>"; };
		EFE7D9532A93E293000B2488 /* Assets.xcassets */ = {isa = PBXFileReference; lastKnownFileType = folder.assetcatalog; path = Assets.xcassets; sourceTree = "<group>"; };
		EFE7D95D2A93E760000B2488 /* HomeView.swift */ = {isa = PBXFileReference; lastKnownFileType = sourcecode.swift; path = HomeView.swift; sourceTree = "<group>"; };
		EFE7D9632A93E8BB000B2488 /* CircleButtonView.swift */ = {isa = PBXFileReference; lastKnownFileType = sourcecode.swift; path = CircleButtonView.swift; sourceTree = "<group>"; };
		EFE7D9652A93EF77000B2488 /* CircleButtonAnimationView.swift */ = {isa = PBXFileReference; lastKnownFileType = sourcecode.swift; path = CircleButtonAnimationView.swift; sourceTree = "<group>"; };
		EFE7D96B2A93F9A7000B2488 /* CoinRowView.swift */ = {isa = PBXFileReference; lastKnownFileType = sourcecode.swift; path = CoinRowView.swift; sourceTree = "<group>"; };
		EFE7D9712A94F402000B2488 /* Color.swift */ = {isa = PBXFileReference; fileEncoding = 4; lastKnownFileType = sourcecode.swift; path = Color.swift; sourceTree = "<group>"; };
		EFE7D9722A94F402000B2488 /* Date.swift */ = {isa = PBXFileReference; fileEncoding = 4; lastKnownFileType = sourcecode.swift; path = Date.swift; sourceTree = "<group>"; };
		EFE7D9732A94F402000B2488 /* Double.swift */ = {isa = PBXFileReference; fileEncoding = 4; lastKnownFileType = sourcecode.swift; path = Double.swift; sourceTree = "<group>"; };
		EFE7D9762A94F402000B2488 /* PreviewProvider.swift */ = {isa = PBXFileReference; fileEncoding = 4; lastKnownFileType = sourcecode.swift; path = PreviewProvider.swift; sourceTree = "<group>"; };
		EFE7D97F2A94F41C000B2488 /* CoinModel.swift */ = {isa = PBXFileReference; fileEncoding = 4; lastKnownFileType = sourcecode.swift; path = CoinModel.swift; sourceTree = "<group>"; };
		EFE7D9882A950658000B2488 /* HomeViewModel.swift */ = {isa = PBXFileReference; lastKnownFileType = sourcecode.swift; path = HomeViewModel.swift; sourceTree = "<group>"; };
		EFE7D98D2A950CAE000B2488 /* CoinDataService.swift */ = {isa = PBXFileReference; lastKnownFileType = sourcecode.swift; path = CoinDataService.swift; sourceTree = "<group>"; };
/* End PBXFileReference section */

/* Begin PBXFrameworksBuildPhase section */
		EFE7D93F2A93E1A4000B2488 /* Frameworks */ = {
			isa = PBXFrameworksBuildPhase;
			buildActionMask = 2147483647;
			files = (
			);
			runOnlyForDeploymentPostprocessing = 0;
		};
/* End PBXFrameworksBuildPhase section */

/* Begin PBXGroup section */
		EF389FA92A95217D007695DA /* Utilities */ = {
			isa = PBXGroup;
			children = (
				EF389FAA2A9521DC007695DA /* NetworkingManager.swift */,
			);
			path = Utilities;
			sourceTree = "<group>";
		};
		EFE7D9392A93E1A4000B2488 = {
			isa = PBXGroup;
			children = (
				EFE7D9442A93E1A4000B2488 /* SwiftCryptoX */,
				EFE7D9432A93E1A4000B2488 /* Products */,
			);
			sourceTree = "<group>";
		};
		EFE7D9432A93E1A4000B2488 /* Products */ = {
			isa = PBXGroup;
			children = (
				EFE7D9422A93E1A4000B2488 /* SwiftCryptoX.app */,
			);
			name = Products;
			sourceTree = "<group>";
		};
		EFE7D9442A93E1A4000B2488 /* SwiftCryptoX */ = {
			isa = PBXGroup;
			children = (
				EFE7D9452A93E1A4000B2488 /* SwiftCryptoXApp.swift */,
				EF389FA92A95217D007695DA /* Utilities */,
				EFE7D9552A93E396000B2488 /* Extensions */,
				EFE7D98C2A950C95000B2488 /* Services */,
				EFE7D9682A93F2B4000B2488 /* Models */,
				EFE7D9592A93E72D000B2488 /* Core */,
				EFE7D9472A93E1A4000B2488 /* ContentView.swift */,
				EFE7D9532A93E293000B2488 /* Assets.xcassets */,
				EFE7D94B2A93E1A5000B2488 /* Preview Content */,
			);
			path = SwiftCryptoX;
			sourceTree = "<group>";
		};
		EFE7D94B2A93E1A5000B2488 /* Preview Content */ = {
			isa = PBXGroup;
			children = (
				EFE7D94C2A93E1A5000B2488 /* Preview Assets.xcassets */,
			);
			path = "Preview Content";
			sourceTree = "<group>";
		};
		EFE7D9552A93E396000B2488 /* Extensions */ = {
			isa = PBXGroup;
			children = (
				EFE7D9712A94F402000B2488 /* Color.swift */,
				EFE7D9722A94F402000B2488 /* Date.swift */,
				EFE7D9732A94F402000B2488 /* Double.swift */,
				EFE7D9762A94F402000B2488 /* PreviewProvider.swift */,
			);
			path = Extensions;
			sourceTree = "<group>";
		};
		EFE7D9592A93E72D000B2488 /* Core */ = {
			isa = PBXGroup;
			children = (
				EFE7D95F2A93E86B000B2488 /* Components */,
				EFE7D95A2A93E73B000B2488 /* Home */,
			);
			path = Core;
			sourceTree = "<group>";
		};
		EFE7D95A2A93E73B000B2488 /* Home */ = {
			isa = PBXGroup;
			children = (
				EFE7D95C2A93E752000B2488 /* ViewsModels */,
				EFE7D95B2A93E74C000B2488 /* Views */,
			);
			path = Home;
			sourceTree = "<group>";
		};
		EFE7D95B2A93E74C000B2488 /* Views */ = {
			isa = PBXGroup;
			children = (
				EFE7D95D2A93E760000B2488 /* HomeView.swift */,
				EFE7D96B2A93F9A7000B2488 /* CoinRowView.swift */,
			);
			path = Views;
			sourceTree = "<group>";
		};
		EFE7D95C2A93E752000B2488 /* ViewsModels */ = {
			isa = PBXGroup;
			children = (
				EFE7D9882A950658000B2488 /* HomeViewModel.swift */,
			);
			path = ViewsModels;
			sourceTree = "<group>";
		};
		EFE7D95F2A93E86B000B2488 /* Components */ = {
			isa = PBXGroup;
			children = (
				EFE7D9602A93E879000B2488 /* CircleButton */,
			);
			path = Components;
			sourceTree = "<group>";
		};
		EFE7D9602A93E879000B2488 /* CircleButton */ = {
			isa = PBXGroup;
			children = (
				EFE7D9632A93E8BB000B2488 /* CircleButtonView.swift */,
				EFE7D9652A93EF77000B2488 /* CircleButtonAnimationView.swift */,
			);
			path = CircleButton;
			sourceTree = "<group>";
		};
		EFE7D9682A93F2B4000B2488 /* Models */ = {
			isa = PBXGroup;
			children = (
				EFE7D97F2A94F41C000B2488 /* CoinModel.swift */,
			);
			path = Models;
			sourceTree = "<group>";
		};
		EFE7D98C2A950C95000B2488 /* Services */ = {
			isa = PBXGroup;
			children = (
				EFE7D98D2A950CAE000B2488 /* CoinDataService.swift */,
			);
			path = Services;
			sourceTree = "<group>";
		};
/* End PBXGroup section */

/* Begin PBXNativeTarget section */
		EFE7D9412A93E1A4000B2488 /* SwiftCryptoX */ = {
			isa = PBXNativeTarget;
			buildConfigurationList = EFE7D9502A93E1A5000B2488 /* Build configuration list for PBXNativeTarget "SwiftCryptoX" */;
			buildPhases = (
				EFE7D93E2A93E1A4000B2488 /* Sources */,
				EFE7D93F2A93E1A4000B2488 /* Frameworks */,
				EFE7D9402A93E1A4000B2488 /* Resources */,
			);
			buildRules = (
			);
			dependencies = (
			);
			name = SwiftCryptoX;
			productName = SwiftCryptoX;
			productReference = EFE7D9422A93E1A4000B2488 /* SwiftCryptoX.app */;
			productType = "com.apple.product-type.application";
		};
/* End PBXNativeTarget section */

/* Begin PBXProject section */
		EFE7D93A2A93E1A4000B2488 /* Project object */ = {
			isa = PBXProject;
			attributes = {
				BuildIndependentTargetsInParallel = 1;
				LastSwiftUpdateCheck = 1430;
				LastUpgradeCheck = 1430;
				TargetAttributes = {
					EFE7D9412A93E1A4000B2488 = {
						CreatedOnToolsVersion = 14.3.1;
					};
				};
			};
			buildConfigurationList = EFE7D93D2A93E1A4000B2488 /* Build configuration list for PBXProject "SwiftCryptoX" */;
			compatibilityVersion = "Xcode 14.0";
			developmentRegion = en;
			hasScannedForEncodings = 0;
			knownRegions = (
				en,
				Base,
			);
			mainGroup = EFE7D9392A93E1A4000B2488;
			productRefGroup = EFE7D9432A93E1A4000B2488 /* Products */;
			projectDirPath = "";
			projectRoot = "";
			targets = (
				EFE7D9412A93E1A4000B2488 /* SwiftCryptoX */,
			);
		};
/* End PBXProject section */

/* Begin PBXResourcesBuildPhase section */
		EFE7D9402A93E1A4000B2488 /* Resources */ = {
			isa = PBXResourcesBuildPhase;
			buildActionMask = 2147483647;
			files = (
				EFE7D9542A93E293000B2488 /* Assets.xcassets in Resources */,
				EFE7D94D2A93E1A5000B2488 /* Preview Assets.xcassets in Resources */,
			);
			runOnlyForDeploymentPostprocessing = 0;
		};
/* End PBXResourcesBuildPhase section */

/* Begin PBXSourcesBuildPhase section */
		EFE7D93E2A93E1A4000B2488 /* Sources */ = {
			isa = PBXSourcesBuildPhase;
			buildActionMask = 2147483647;
			files = (
				EFE7D96C2A93F9A7000B2488 /* CoinRowView.swift in Sources */,
				EFE7D95E2A93E760000B2488 /* HomeView.swift in Sources */,
				EFE7D9482A93E1A4000B2488 /* ContentView.swift in Sources */,
				EFE7D9642A93E8BB000B2488 /* CircleButtonView.swift in Sources */,
				EFE7D9462A93E1A4000B2488 /* SwiftCryptoXApp.swift in Sources */,
				EFE7D9772A94F402000B2488 /* Color.swift in Sources */,
				EFE7D9852A94F41C000B2488 /* CoinModel.swift in Sources */,
				EFE7D9892A950658000B2488 /* HomeViewModel.swift in Sources */,
				EFE7D9662A93EF77000B2488 /* CircleButtonAnimationView.swift in Sources */,
				EFE7D9782A94F402000B2488 /* Date.swift in Sources */,
				EFE7D98E2A950CAE000B2488 /* CoinDataService.swift in Sources */,
				EFE7D9792A94F402000B2488 /* Double.swift in Sources */,
				EFE7D97C2A94F402000B2488 /* PreviewProvider.swift in Sources */,
				EF389FAB2A9521DC007695DA /* NetworkingManager.swift in Sources */,
			);
			runOnlyForDeploymentPostprocessing = 0;
		};
/* End PBXSourcesBuildPhase section */

/* Begin XCBuildConfiguration section */
		EFE7D94E2A93E1A5000B2488 /* Debug */ = {
			isa = XCBuildConfiguration;
			buildSettings = {
				ALWAYS_SEARCH_USER_PATHS = NO;
				CLANG_ANALYZER_NONNULL = YES;
				CLANG_ANALYZER_NUMBER_OBJECT_CONVERSION = YES_AGGRESSIVE;
				CLANG_CXX_LANGUAGE_STANDARD = "gnu++20";
				CLANG_ENABLE_MODULES = YES;
				CLANG_ENABLE_OBJC_ARC = YES;
				CLANG_ENABLE_OBJC_WEAK = YES;
				CLANG_WARN_BLOCK_CAPTURE_AUTORELEASING = YES;
				CLANG_WARN_BOOL_CONVERSION = YES;
				CLANG_WARN_COMMA = YES;
				CLANG_WARN_CONSTANT_CONVERSION = YES;
				CLANG_WARN_DEPRECATED_OBJC_IMPLEMENTATIONS = YES;
				CLANG_WARN_DIRECT_OBJC_ISA_USAGE = YES_ERROR;
				CLANG_WARN_DOCUMENTATION_COMMENTS = YES;
				CLANG_WARN_EMPTY_BODY = YES;
				CLANG_WARN_ENUM_CONVERSION = YES;
				CLANG_WARN_INFINITE_RECURSION = YES;
				CLANG_WARN_INT_CONVERSION = YES;
				CLANG_WARN_NON_LITERAL_NULL_CONVERSION = YES;
				CLANG_WARN_OBJC_IMPLICIT_RETAIN_SELF = YES;
				CLANG_WARN_OBJC_LITERAL_CONVERSION = YES;
				CLANG_WARN_OBJC_ROOT_CLASS = YES_ERROR;
				CLANG_WARN_QUOTED_INCLUDE_IN_FRAMEWORK_HEADER = YES;
				CLANG_WARN_RANGE_LOOP_ANALYSIS = YES;
				CLANG_WARN_STRICT_PROTOTYPES = YES;
				CLANG_WARN_SUSPICIOUS_MOVE = YES;
				CLANG_WARN_UNGUARDED_AVAILABILITY = YES_AGGRESSIVE;
				CLANG_WARN_UNREACHABLE_CODE = YES;
				CLANG_WARN__DUPLICATE_METHOD_MATCH = YES;
				COPY_PHASE_STRIP = NO;
				DEBUG_INFORMATION_FORMAT = dwarf;
				ENABLE_STRICT_OBJC_MSGSEND = YES;
				ENABLE_TESTABILITY = YES;
				GCC_C_LANGUAGE_STANDARD = gnu11;
				GCC_DYNAMIC_NO_PIC = NO;
				GCC_NO_COMMON_BLOCKS = YES;
				GCC_OPTIMIZATION_LEVEL = 0;
				GCC_PREPROCESSOR_DEFINITIONS = (
					"DEBUG=1",
					"$(inherited)",
				);
				GCC_WARN_64_TO_32_BIT_CONVERSION = YES;
				GCC_WARN_ABOUT_RETURN_TYPE = YES_ERROR;
				GCC_WARN_UNDECLARED_SELECTOR = YES;
				GCC_WARN_UNINITIALIZED_AUTOS = YES_AGGRESSIVE;
				GCC_WARN_UNUSED_FUNCTION = YES;
				GCC_WARN_UNUSED_VARIABLE = YES;
				IPHONEOS_DEPLOYMENT_TARGET = 16.4;
				MTL_ENABLE_DEBUG_INFO = INCLUDE_SOURCE;
				MTL_FAST_MATH = YES;
				ONLY_ACTIVE_ARCH = YES;
				SDKROOT = iphoneos;
				SWIFT_ACTIVE_COMPILATION_CONDITIONS = DEBUG;
				SWIFT_OPTIMIZATION_LEVEL = "-Onone";
			};
			name = Debug;
		};
		EFE7D94F2A93E1A5000B2488 /* Release */ = {
			isa = XCBuildConfiguration;
			buildSettings = {
				ALWAYS_SEARCH_USER_PATHS = NO;
				CLANG_ANALYZER_NONNULL = YES;
				CLANG_ANALYZER_NUMBER_OBJECT_CONVERSION = YES_AGGRESSIVE;
				CLANG_CXX_LANGUAGE_STANDARD = "gnu++20";
				CLANG_ENABLE_MODULES = YES;
				CLANG_ENABLE_OBJC_ARC = YES;
				CLANG_ENABLE_OBJC_WEAK = YES;
				CLANG_WARN_BLOCK_CAPTURE_AUTORELEASING = YES;
				CLANG_WARN_BOOL_CONVERSION = YES;
				CLANG_WARN_COMMA = YES;
				CLANG_WARN_CONSTANT_CONVERSION = YES;
				CLANG_WARN_DEPRECATED_OBJC_IMPLEMENTATIONS = YES;
				CLANG_WARN_DIRECT_OBJC_ISA_USAGE = YES_ERROR;
				CLANG_WARN_DOCUMENTATION_COMMENTS = YES;
				CLANG_WARN_EMPTY_BODY = YES;
				CLANG_WARN_ENUM_CONVERSION = YES;
				CLANG_WARN_INFINITE_RECURSION = YES;
				CLANG_WARN_INT_CONVERSION = YES;
				CLANG_WARN_NON_LITERAL_NULL_CONVERSION = YES;
				CLANG_WARN_OBJC_IMPLICIT_RETAIN_SELF = YES;
				CLANG_WARN_OBJC_LITERAL_CONVERSION = YES;
				CLANG_WARN_OBJC_ROOT_CLASS = YES_ERROR;
				CLANG_WARN_QUOTED_INCLUDE_IN_FRAMEWORK_HEADER = YES;
				CLANG_WARN_RANGE_LOOP_ANALYSIS = YES;
				CLANG_WARN_STRICT_PROTOTYPES = YES;
				CLANG_WARN_SUSPICIOUS_MOVE = YES;
				CLANG_WARN_UNGUARDED_AVAILABILITY = YES_AGGRESSIVE;
				CLANG_WARN_UNREACHABLE_CODE = YES;
				CLANG_WARN__DUPLICATE_METHOD_MATCH = YES;
				COPY_PHASE_STRIP = NO;
				DEBUG_INFORMATION_FORMAT = "dwarf-with-dsym";
				ENABLE_NS_ASSERTIONS = NO;
				ENABLE_STRICT_OBJC_MSGSEND = YES;
				GCC_C_LANGUAGE_STANDARD = gnu11;
				GCC_NO_COMMON_BLOCKS = YES;
				GCC_WARN_64_TO_32_BIT_CONVERSION = YES;
				GCC_WARN_ABOUT_RETURN_TYPE = YES_ERROR;
				GCC_WARN_UNDECLARED_SELECTOR = YES;
				GCC_WARN_UNINITIALIZED_AUTOS = YES_AGGRESSIVE;
				GCC_WARN_UNUSED_FUNCTION = YES;
				GCC_WARN_UNUSED_VARIABLE = YES;
				IPHONEOS_DEPLOYMENT_TARGET = 16.4;
				MTL_ENABLE_DEBUG_INFO = NO;
				MTL_FAST_MATH = YES;
				SDKROOT = iphoneos;
				SWIFT_COMPILATION_MODE = wholemodule;
				SWIFT_OPTIMIZATION_LEVEL = "-O";
				VALIDATE_PRODUCT = YES;
			};
			name = Release;
		};
		EFE7D9512A93E1A5000B2488 /* Debug */ = {
			isa = XCBuildConfiguration;
			buildSettings = {
				ASSETCATALOG_COMPILER_APPICON_NAME = AppIcon;
				ASSETCATALOG_COMPILER_GLOBAL_ACCENT_COLOR_NAME = AccentColor;
				CODE_SIGN_STYLE = Automatic;
				CURRENT_PROJECT_VERSION = 1;
				DEVELOPMENT_ASSET_PATHS = "\"SwiftCryptoX/Preview Content\"";
				DEVELOPMENT_TEAM = 3YP2NVQ4AM;
				ENABLE_PREVIEWS = YES;
				GENERATE_INFOPLIST_FILE = YES;
				INFOPLIST_KEY_CFBundleDisplayName = "Crypto Tracker";
				INFOPLIST_KEY_UIApplicationSceneManifest_Generation = YES;
				INFOPLIST_KEY_UIApplicationSupportsIndirectInputEvents = YES;
				INFOPLIST_KEY_UILaunchScreen_Generation = YES;
				INFOPLIST_KEY_UISupportedInterfaceOrientations = UIInterfaceOrientationPortrait;
				LD_RUNPATH_SEARCH_PATHS = (
					"$(inherited)",
					"@executable_path/Frameworks",
				);
				MARKETING_VERSION = 1.0;
				PRODUCT_BUNDLE_IDENTIFIER = com.jonrosenblum.SwiftCryptoX;
				PRODUCT_NAME = "$(TARGET_NAME)";
				SWIFT_EMIT_LOC_STRINGS = YES;
				SWIFT_VERSION = 5.0;
				TARGETED_DEVICE_FAMILY = "1,2";
			};
			name = Debug;
		};
		EFE7D9522A93E1A5000B2488 /* Release */ = {
			isa = XCBuildConfiguration;
			buildSettings = {
				ASSETCATALOG_COMPILER_APPICON_NAME = AppIcon;
				ASSETCATALOG_COMPILER_GLOBAL_ACCENT_COLOR_NAME = AccentColor;
				CODE_SIGN_STYLE = Automatic;
				CURRENT_PROJECT_VERSION = 1;
				DEVELOPMENT_ASSET_PATHS = "\"SwiftCryptoX/Preview Content\"";
				DEVELOPMENT_TEAM = 3YP2NVQ4AM;
				ENABLE_PREVIEWS = YES;
				GENERATE_INFOPLIST_FILE = YES;
				INFOPLIST_KEY_CFBundleDisplayName = "Crypto Tracker";
				INFOPLIST_KEY_UIApplicationSceneManifest_Generation = YES;
				INFOPLIST_KEY_UIApplicationSupportsIndirectInputEvents = YES;
				INFOPLIST_KEY_UILaunchScreen_Generation = YES;
				INFOPLIST_KEY_UISupportedInterfaceOrientations = UIInterfaceOrientationPortrait;
				LD_RUNPATH_SEARCH_PATHS = (
					"$(inherited)",
					"@executable_path/Frameworks",
				);
				MARKETING_VERSION = 1.0;
				PRODUCT_BUNDLE_IDENTIFIER = com.jonrosenblum.SwiftCryptoX;
				PRODUCT_NAME = "$(TARGET_NAME)";
				SWIFT_EMIT_LOC_STRINGS = YES;
				SWIFT_VERSION = 5.0;
				TARGETED_DEVICE_FAMILY = "1,2";
			};
			name = Release;
		};
/* End XCBuildConfiguration section */

/* Begin XCConfigurationList section */
		EFE7D93D2A93E1A4000B2488 /* Build configuration list for PBXProject "SwiftCryptoX" */ = {
			isa = XCConfigurationList;
			buildConfigurations = (
				EFE7D94E2A93E1A5000B2488 /* Debug */,
				EFE7D94F2A93E1A5000B2488 /* Release */,
			);
			defaultConfigurationIsVisible = 0;
			defaultConfigurationName = Release;
		};
		EFE7D9502A93E1A5000B2488 /* Build configuration list for PBXNativeTarget "SwiftCryptoX" */ = {
			isa = XCConfigurationList;
			buildConfigurations = (
				EFE7D9512A93E1A5000B2488 /* Debug */,
				EFE7D9522A93E1A5000B2488 /* Release */,
			);
			defaultConfigurationIsVisible = 0;
			defaultConfigurationName = Release;
		};
/* End XCConfigurationList section */
	};
	rootObject = EFE7D93A2A93E1A4000B2488 /* Project object */;
}
